
Microsoft Visual Studio Solution File, Format Version 12.00
# Visual Studio 15
VisualStudioVersion = 15.0.26430.14
MinimumVisualStudioVersion = 10.0.40219.1
Project("{9A19103F-16F7-4668-BE54-9A1E7A4F7556}") = "01. Choose a Drink", "01. Choose a Drink\01. Choose a Drink.csproj", "{C9A268F1-EA6F-44CB-87B5-E3851934CD3C}"
EndProject
Project("{9A19103F-16F7-4668-BE54-9A1E7A4F7556}") = "02. Choose a Drink 2.0", "02. Choose a Drink 2.0\02. Choose a Drink 2.0.csproj", "{8458E5E3-8897-4927-91C5-A1CCE65DD64F}"
EndProject
Project("{9A19103F-16F7-4668-BE54-9A1E7A4F7556}") = "03. Restaurant Discount", "03. Restaurant Discount\03. Restaurant Discount.csproj", "{659EF39E-2ADE-494F-8581-9D091FC2162F}"
EndProject
Project("{9A19103F-16F7-4668-BE54-9A1E7A4F7556}") = "04. Hotel", "04. Hotel\04. Hotel.csproj", "{DDCC996A-EE5C-44D9-8CAF-DDC0D359F36E}"
EndProject
Project("{9A19103F-16F7-4668-BE54-9A1E7A4F7556}") = "05. Word in Plural", "05. Word in Plural\05. Word in Plural.csproj", "{5755FA0E-5BEC-4471-898F-A5071E7AF008}"
EndProject
Project("{9A19103F-16F7-4668-BE54-9A1E7A4F7556}") = "06. Interval of Numbers", "06. Interval of Numbers\06. Interval of Numbers.csproj", "{153EFA55-6DC3-4391-9BEA-0502BC8A8CDB}"
EndProject
Project("{9A19103F-16F7-4668-BE54-9A1E7A4F7556}") = "07. Cake Ingredients", "07. Cake Ingredients\07. Cake Ingredients.csproj", "{6310AAAF-9E3C-4A5E-959B-5CC85DD003F1}"
EndProject
Project("{9A19103F-16F7-4668-BE54-9A1E7A4F7556}") = "08. Calories Counter", "08. Calories Counter\08. Calories Counter.csproj", "{26CDA53D-8F89-4AE8-BCF6-FF91433382BB}"
EndProject
Project("{9A19103F-16F7-4668-BE54-9A1E7A4F7556}") = "14. Magic Letter", "14. Magic Letter\14. Magic Letter.csproj", "{35A88399-2668-4AE5-BC81-54DF716D346A}"
EndProject
Project("{9A19103F-16F7-4668-BE54-9A1E7A4F7556}") = "15. Neighbour Wars", "15. Neighbour Wars\15. Neighbour Wars.csproj", "{73F369DB-F290-4547-ADF7-738A24AC12CE}"
EndProject
Project("{9A19103F-16F7-4668-BE54-9A1E7A4F7556}") = "10. Triangle of Numbers", "10. Triangle of Numbers\10. Triangle of Numbers.csproj", "{E85AEF9F-1A0B-4947-979B-41FB8C8F71E1}"
EndProject
Project("{9A19103F-16F7-4668-BE54-9A1E7A4F7556}") = "09. Count the Integers", "09. Count the Integers\09. Count the Integers.csproj", "{B6DD2325-71DD-4B17-948D-6C680E967725}"
EndProject
Project("{9A19103F-16F7-4668-BE54-9A1E7A4F7556}") = "11. 5 Different Numbers", "11. 5 Different Numbers\11. 5 Different Numbers.csproj", "{F4710C91-65C7-4939-AF01-E9154AAC0F98}"
EndProject
Project("{FAE04EC0-301F-11D3-BF4B-00C04F79EFBC}") = "12. Test Numbers", "12. Test Numbers\12. Test Numbers.csproj", "{4CDC854D-93D4-4E2F-BA03-CD3642258E94}"
EndProject
Project("{FAE04EC0-301F-11D3-BF4B-00C04F79EFBC}") = "13. Game of Numbers", "13. Game of Numbers\13. Game of Numbers.csproj", "{988EBA3E-2B04-4696-BBE5-E42B982D74EB}"
EndProject
Global
	GlobalSection(SolutionConfigurationPlatforms) = preSolution
		Debug|Any CPU = Debug|Any CPU
		Release|Any CPU = Release|Any CPU
	EndGlobalSection
	GlobalSection(ProjectConfigurationPlatforms) = postSolution
		{C9A268F1-EA6F-44CB-87B5-E3851934CD3C}.Debug|Any CPU.ActiveCfg = Debug|Any CPU
		{C9A268F1-EA6F-44CB-87B5-E3851934CD3C}.Debug|Any CPU.Build.0 = Debug|Any CPU
		{C9A268F1-EA6F-44CB-87B5-E3851934CD3C}.Release|Any CPU.ActiveCfg = Release|Any CPU
		{C9A268F1-EA6F-44CB-87B5-E3851934CD3C}.Release|Any CPU.Build.0 = Release|Any CPU
		{8458E5E3-8897-4927-91C5-A1CCE65DD64F}.Debug|Any CPU.ActiveCfg = Debug|Any CPU
		{8458E5E3-8897-4927-91C5-A1CCE65DD64F}.Debug|Any CPU.Build.0 = Debug|Any CPU
		{8458E5E3-8897-4927-91C5-A1CCE65DD64F}.Release|Any CPU.ActiveCfg = Release|Any CPU
		{8458E5E3-8897-4927-91C5-A1CCE65DD64F}.Release|Any CPU.Build.0 = Release|Any CPU
		{659EF39E-2ADE-494F-8581-9D091FC2162F}.Debug|Any CPU.ActiveCfg = Debug|Any CPU
		{659EF39E-2ADE-494F-8581-9D091FC2162F}.Debug|Any CPU.Build.0 = Debug|Any CPU
		{659EF39E-2ADE-494F-8581-9D091FC2162F}.Release|Any CPU.ActiveCfg = Release|Any CPU
		{659EF39E-2ADE-494F-8581-9D091FC2162F}.Release|Any CPU.Build.0 = Release|Any CPU
		{DDCC996A-EE5C-44D9-8CAF-DDC0D359F36E}.Debug|Any CPU.ActiveCfg = Debug|Any CPU
		{DDCC996A-EE5C-44D9-8CAF-DDC0D359F36E}.Debug|Any CPU.Build.0 = Debug|Any CPU
		{DDCC996A-EE5C-44D9-8CAF-DDC0D359F36E}.Release|Any CPU.ActiveCfg = Release|Any CPU
		{DDCC996A-EE5C-44D9-8CAF-DDC0D359F36E}.Release|Any CPU.Build.0 = Release|Any CPU
		{5755FA0E-5BEC-4471-898F-A5071E7AF008}.Debug|Any CPU.ActiveCfg = Debug|Any CPU
		{5755FA0E-5BEC-4471-898F-A5071E7AF008}.Debug|Any CPU.Build.0 = Debug|Any CPU
		{5755FA0E-5BEC-4471-898F-A5071E7AF008}.Release|Any CPU.ActiveCfg = Release|Any CPU
		{5755FA0E-5BEC-4471-898F-A5071E7AF008}.Release|Any CPU.Build.0 = Release|Any CPU
		{153EFA55-6DC3-4391-9BEA-0502BC8A8CDB}.Debug|Any CPU.ActiveCfg = Debug|Any CPU
		{153EFA55-6DC3-4391-9BEA-0502BC8A8CDB}.Debug|Any CPU.Build.0 = Debug|Any CPU
		{153EFA55-6DC3-4391-9BEA-0502BC8A8CDB}.Release|Any CPU.ActiveCfg = Release|Any CPU
		{153EFA55-6DC3-4391-9BEA-0502BC8A8CDB}.Release|Any CPU.Build.0 = Release|Any CPU
		{6310AAAF-9E3C-4A5E-959B-5CC85DD003F1}.Debug|Any CPU.ActiveCfg = Debug|Any CPU
		{6310AAAF-9E3C-4A5E-959B-5CC85DD003F1}.Debug|Any CPU.Build.0 = Debug|Any CPU
		{6310AAAF-9E3C-4A5E-959B-5CC85DD003F1}.Release|Any CPU.ActiveCfg = Release|Any CPU
		{6310AAAF-9E3C-4A5E-959B-5CC85DD003F1}.Release|Any CPU.Build.0 = Release|Any CPU
		{26CDA53D-8F89-4AE8-BCF6-FF91433382BB}.Debug|Any CPU.ActiveCfg = Debug|Any CPU
		{26CDA53D-8F89-4AE8-BCF6-FF91433382BB}.Debug|Any CPU.Build.0 = Debug|Any CPU
		{26CDA53D-8F89-4AE8-BCF6-FF91433382BB}.Release|Any CPU.ActiveCfg = Release|Any CPU
		{26CDA53D-8F89-4AE8-BCF6-FF91433382BB}.Release|Any CPU.Build.0 = Release|Any CPU
		{35A88399-2668-4AE5-BC81-54DF716D346A}.Debug|Any CPU.ActiveCfg = Debug|Any CPU
		{35A88399-2668-4AE5-BC81-54DF716D346A}.Debug|Any CPU.Build.0 = Debug|Any CPU
		{35A88399-2668-4AE5-BC81-54DF716D346A}.Release|Any CPU.ActiveCfg = Release|Any CPU
		{35A88399-2668-4AE5-BC81-54DF716D346A}.Release|Any CPU.Build.0 = Release|Any CPU
		{73F369DB-F290-4547-ADF7-738A24AC12CE}.Debug|Any CPU.ActiveCfg = Debug|Any CPU
		{73F369DB-F290-4547-ADF7-738A24AC12CE}.Debug|Any CPU.Build.0 = Debug|Any CPU
		{73F369DB-F290-4547-ADF7-738A24AC12CE}.Release|Any CPU.ActiveCfg = Release|Any CPU
		{73F369DB-F290-4547-ADF7-738A24AC12CE}.Release|Any CPU.Build.0 = Release|Any CPU
		{E85AEF9F-1A0B-4947-979B-41FB8C8F71E1}.Debug|Any CPU.ActiveCfg = Debug|Any CPU
		{E85AEF9F-1A0B-4947-979B-41FB8C8F71E1}.Debug|Any CPU.Build.0 = Debug|Any CPU
		{E85AEF9F-1A0B-4947-979B-41FB8C8F71E1}.Release|Any CPU.ActiveCfg = Release|Any CPU
		{E85AEF9F-1A0B-4947-979B-41FB8C8F71E1}.Release|Any CPU.Build.0 = Release|Any CPU
		{B6DD2325-71DD-4B17-948D-6C680E967725}.Debug|Any CPU.ActiveCfg = Debug|Any CPU
		{B6DD2325-71DD-4B17-948D-6C680E967725}.Debug|Any CPU.Build.0 = Debug|Any CPU
		{B6DD2325-71DD-4B17-948D-6C680E967725}.Release|Any CPU.ActiveCfg = Release|Any CPU
		{B6DD2325-71DD-4B17-948D-6C680E967725}.Release|Any CPU.Build.0 = Release|Any CPU
		{F4710C91-65C7-4939-AF01-E9154AAC0F98}.Debug|Any CPU.ActiveCfg = Debug|Any CPU
		{F4710C91-65C7-4939-AF01-E9154AAC0F98}.Debug|Any CPU.Build.0 = Debug|Any CPU
		{F4710C91-65C7-4939-AF01-E9154AAC0F98}.Release|Any CPU.ActiveCfg = Release|Any CPU
		{F4710C91-65C7-4939-AF01-E9154AAC0F98}.Release|Any CPU.Build.0 = Release|Any CPU
		{4CDC854D-93D4-4E2F-BA03-CD3642258E94}.Debug|Any CPU.ActiveCfg = Debug|Any CPU
		{4CDC854D-93D4-4E2F-BA03-CD3642258E94}.Debug|Any CPU.Build.0 = Debug|Any CPU
		{4CDC854D-93D4-4E2F-BA03-CD3642258E94}.Release|Any CPU.ActiveCfg = Release|Any CPU
		{4CDC854D-93D4-4E2F-BA03-CD3642258E94}.Release|Any CPU.Build.0 = Release|Any CPU
		{988EBA3E-2B04-4696-BBE5-E42B982D74EB}.Debug|Any CPU.ActiveCfg = Debug|Any CPU
		{988EBA3E-2B04-4696-BBE5-E42B982D74EB}.Debug|Any CPU.Build.0 = Debug|Any CPU
		{988EBA3E-2B04-4696-BBE5-E42B982D74EB}.Release|Any CPU.ActiveCfg = Release|Any CPU
		{988EBA3E-2B04-4696-BBE5-E42B982D74EB}.Release|Any CPU.Build.0 = Release|Any CPU
	EndGlobalSection
	GlobalSection(SolutionProperties) = preSolution
		HideSolutionNode = FALSE
	EndGlobalSection
EndGlobal
