
Microsoft Visual Studio Solution File, Format Version 12.00
# Visual Studio 15
VisualStudioVersion = 15.0.26430.14
MinimumVisualStudioVersion = 10.0.40219.1
Project("{9A19103F-16F7-4668-BE54-9A1E7A4F7556}") = "01. Phonebook", "01. Phonebook\01. Phonebook.csproj", "{D60BA224-E3A8-4E4A-B9D1-203BDABC0EDB}"
EndProject
Project("{9A19103F-16F7-4668-BE54-9A1E7A4F7556}") = "02. Phonebook Upgrade", "02. Phonebook Upgrade\02. Phonebook Upgrade.csproj", "{4AC31718-DC0B-4E91-B3E2-C3D97218306D}"
EndProject
Project("{9A19103F-16F7-4668-BE54-9A1E7A4F7556}") = "03. A Miner Task", "03. A Miner Task\03. A Miner Task.csproj", "{7270BFF2-BA85-4415-AEF1-D5CCCA7BA7D0}"
EndProject
Project("{9A19103F-16F7-4668-BE54-9A1E7A4F7556}") = "07. Population Counter", "07. Population Counter\07. Population Counter.csproj", "{26BDDDD7-9BA4-4D6B-94CE-A1194840D57B}"
EndProject
Project("{9A19103F-16F7-4668-BE54-9A1E7A4F7556}") = "05. Hands of Cards", "05. Hands of Cards\05. Hands of Cards.csproj", "{B7903056-A959-4E0D-8A86-5EEE8D249CC6}"
EndProject
Project("{9A19103F-16F7-4668-BE54-9A1E7A4F7556}") = "04. Fix Emails", "04. Fix Emails\04. Fix Emails.csproj", "{7D05DB2A-AE98-4B1E-AD35-10DF1B0C9ABA}"
EndProject
Project("{9A19103F-16F7-4668-BE54-9A1E7A4F7556}") = "04. Fix Emails 2", "04. Fix Emails 2\04. Fix Emails 2.csproj", "{916C8D46-73BC-42B2-8948-E2D437DAE1F2}"
EndProject
Project("{9A19103F-16F7-4668-BE54-9A1E7A4F7556}") = "06. User Logs", "06. User Logs\06. User Logs.csproj", "{D1807815-AC91-40A4-A0C2-EEB52CC181E2}"
EndProject
Project("{9A19103F-16F7-4668-BE54-9A1E7A4F7556}") = "10. Srbsko Unleashed", "10. Srbsko Unleashed\10. Srbsko Unleashed.csproj", "{2C85F7D9-53CD-45D8-B176-603572906DD8}"
EndProject
Project("{FAE04EC0-301F-11D3-BF4B-00C04F79EFBC}") = "08. Logs Aggregator", "08. Logs Aggregator\08. Logs Aggregator.csproj", "{1444A244-BC94-4A41-946F-5AAFA6265C67}"
EndProject
Global
	GlobalSection(SolutionConfigurationPlatforms) = preSolution
		Debug|Any CPU = Debug|Any CPU
		Release|Any CPU = Release|Any CPU
	EndGlobalSection
	GlobalSection(ProjectConfigurationPlatforms) = postSolution
		{D60BA224-E3A8-4E4A-B9D1-203BDABC0EDB}.Debug|Any CPU.ActiveCfg = Debug|Any CPU
		{D60BA224-E3A8-4E4A-B9D1-203BDABC0EDB}.Debug|Any CPU.Build.0 = Debug|Any CPU
		{D60BA224-E3A8-4E4A-B9D1-203BDABC0EDB}.Release|Any CPU.ActiveCfg = Release|Any CPU
		{D60BA224-E3A8-4E4A-B9D1-203BDABC0EDB}.Release|Any CPU.Build.0 = Release|Any CPU
		{4AC31718-DC0B-4E91-B3E2-C3D97218306D}.Debug|Any CPU.ActiveCfg = Debug|Any CPU
		{4AC31718-DC0B-4E91-B3E2-C3D97218306D}.Debug|Any CPU.Build.0 = Debug|Any CPU
		{4AC31718-DC0B-4E91-B3E2-C3D97218306D}.Release|Any CPU.ActiveCfg = Release|Any CPU
		{4AC31718-DC0B-4E91-B3E2-C3D97218306D}.Release|Any CPU.Build.0 = Release|Any CPU
		{7270BFF2-BA85-4415-AEF1-D5CCCA7BA7D0}.Debug|Any CPU.ActiveCfg = Debug|Any CPU
		{7270BFF2-BA85-4415-AEF1-D5CCCA7BA7D0}.Debug|Any CPU.Build.0 = Debug|Any CPU
		{7270BFF2-BA85-4415-AEF1-D5CCCA7BA7D0}.Release|Any CPU.ActiveCfg = Release|Any CPU
		{7270BFF2-BA85-4415-AEF1-D5CCCA7BA7D0}.Release|Any CPU.Build.0 = Release|Any CPU
		{26BDDDD7-9BA4-4D6B-94CE-A1194840D57B}.Debug|Any CPU.ActiveCfg = Debug|Any CPU
		{26BDDDD7-9BA4-4D6B-94CE-A1194840D57B}.Debug|Any CPU.Build.0 = Debug|Any CPU
		{26BDDDD7-9BA4-4D6B-94CE-A1194840D57B}.Release|Any CPU.ActiveCfg = Release|Any CPU
		{26BDDDD7-9BA4-4D6B-94CE-A1194840D57B}.Release|Any CPU.Build.0 = Release|Any CPU
		{B7903056-A959-4E0D-8A86-5EEE8D249CC6}.Debug|Any CPU.ActiveCfg = Debug|Any CPU
		{B7903056-A959-4E0D-8A86-5EEE8D249CC6}.Debug|Any CPU.Build.0 = Debug|Any CPU
		{B7903056-A959-4E0D-8A86-5EEE8D249CC6}.Release|Any CPU.ActiveCfg = Release|Any CPU
		{B7903056-A959-4E0D-8A86-5EEE8D249CC6}.Release|Any CPU.Build.0 = Release|Any CPU
		{7D05DB2A-AE98-4B1E-AD35-10DF1B0C9ABA}.Debug|Any CPU.ActiveCfg = Debug|Any CPU
		{7D05DB2A-AE98-4B1E-AD35-10DF1B0C9ABA}.Debug|Any CPU.Build.0 = Debug|Any CPU
		{7D05DB2A-AE98-4B1E-AD35-10DF1B0C9ABA}.Release|Any CPU.ActiveCfg = Release|Any CPU
		{7D05DB2A-AE98-4B1E-AD35-10DF1B0C9ABA}.Release|Any CPU.Build.0 = Release|Any CPU
		{916C8D46-73BC-42B2-8948-E2D437DAE1F2}.Debug|Any CPU.ActiveCfg = Debug|Any CPU
		{916C8D46-73BC-42B2-8948-E2D437DAE1F2}.Debug|Any CPU.Build.0 = Debug|Any CPU
		{916C8D46-73BC-42B2-8948-E2D437DAE1F2}.Release|Any CPU.ActiveCfg = Release|Any CPU
		{916C8D46-73BC-42B2-8948-E2D437DAE1F2}.Release|Any CPU.Build.0 = Release|Any CPU
		{D1807815-AC91-40A4-A0C2-EEB52CC181E2}.Debug|Any CPU.ActiveCfg = Debug|Any CPU
		{D1807815-AC91-40A4-A0C2-EEB52CC181E2}.Debug|Any CPU.Build.0 = Debug|Any CPU
		{D1807815-AC91-40A4-A0C2-EEB52CC181E2}.Release|Any CPU.ActiveCfg = Release|Any CPU
		{D1807815-AC91-40A4-A0C2-EEB52CC181E2}.Release|Any CPU.Build.0 = Release|Any CPU
		{2C85F7D9-53CD-45D8-B176-603572906DD8}.Debug|Any CPU.ActiveCfg = Debug|Any CPU
		{2C85F7D9-53CD-45D8-B176-603572906DD8}.Debug|Any CPU.Build.0 = Debug|Any CPU
		{2C85F7D9-53CD-45D8-B176-603572906DD8}.Release|Any CPU.ActiveCfg = Release|Any CPU
		{2C85F7D9-53CD-45D8-B176-603572906DD8}.Release|Any CPU.Build.0 = Release|Any CPU
		{1444A244-BC94-4A41-946F-5AAFA6265C67}.Debug|Any CPU.ActiveCfg = Debug|Any CPU
		{1444A244-BC94-4A41-946F-5AAFA6265C67}.Debug|Any CPU.Build.0 = Debug|Any CPU
		{1444A244-BC94-4A41-946F-5AAFA6265C67}.Release|Any CPU.ActiveCfg = Release|Any CPU
		{1444A244-BC94-4A41-946F-5AAFA6265C67}.Release|Any CPU.Build.0 = Release|Any CPU
	EndGlobalSection
	GlobalSection(SolutionProperties) = preSolution
		HideSolutionNode = FALSE
	EndGlobalSection
EndGlobal
