
Microsoft Visual Studio Solution File, Format Version 12.00
# Visual Studio 15
VisualStudioVersion = 15.0.26430.14
MinimumVisualStudioVersion = 10.0.40219.1
Project("{9A19103F-16F7-4668-BE54-9A1E7A4F7556}") = "01. Hello, Name!", "01. Hello, Name!\01. Hello, Name!.csproj", "{C023890E-F2E9-4EFB-888E-CF3CC240C06C}"
EndProject
Project("{9A19103F-16F7-4668-BE54-9A1E7A4F7556}") = "02. Max Method", "02. Max Method\02. Max Method.csproj", "{97023025-DEA0-4F7A-B4FC-91C95D62E10D}"
EndProject
Project("{9A19103F-16F7-4668-BE54-9A1E7A4F7556}") = "03. English Name of Last Digit", "03. English Name of Last Digit\03. English Name of Last Digit.csproj", "{4256E37C-FB0F-43E7-9A4B-0DEBEFBD630D}"
EndProject
Project("{9A19103F-16F7-4668-BE54-9A1E7A4F7556}") = "04. Numbers in Reversed Order", "04. Numbers in Reversed Order\04. Numbers in Reversed Order.csproj", "{C021A952-7D8E-4063-A6DD-268617EC35E9}"
EndProject
Project("{9A19103F-16F7-4668-BE54-9A1E7A4F7556}") = "05. Fibonacci Numbers", "05. Fibonacci Numbers\05. Fibonacci Numbers.csproj", "{EFD85A74-CC47-4AE2-8E4B-A3B8D295326A}"
EndProject
Project("{9A19103F-16F7-4668-BE54-9A1E7A4F7556}") = "06. Prime Checker", "06. Prime Checker\06. Prime Checker.csproj", "{35963FCC-6F22-4BDA-BCDF-2ACF211CB8C9}"
EndProject
Project("{9A19103F-16F7-4668-BE54-9A1E7A4F7556}") = "07. Primes in Given Range", "07. Primes in Given Range\07. Primes in Given Range.csproj", "{E25A5E87-3CBB-424D-9854-23871FF37610}"
EndProject
Project("{9A19103F-16F7-4668-BE54-9A1E7A4F7556}") = "08. Center Point", "08. Center Point\08. Center Point.csproj", "{7FB53C4C-253F-498B-A35F-69B95DEE257F}"
EndProject
Project("{9A19103F-16F7-4668-BE54-9A1E7A4F7556}") = "09. Longer Line", "09. Longer Line\09. Longer Line.csproj", "{5B21512D-0157-45D7-9719-91E534FD0B7F}"
EndProject
Project("{9A19103F-16F7-4668-BE54-9A1E7A4F7556}") = "10. Cube Properties", "10. Cube Properties\10. Cube Properties.csproj", "{474BF93F-AED5-4CEF-B740-AFE1119A46DA}"
EndProject
Project("{9A19103F-16F7-4668-BE54-9A1E7A4F7556}") = "11. Geometry Calculator", "11. Geometry Calculator\11. Geometry Calculator.csproj", "{313D7023-3F31-4420-8EB3-6EB79C1882CA}"
EndProject
Project("{9A19103F-16F7-4668-BE54-9A1E7A4F7556}") = "12. Master Number", "12. Master Number\12. Master Number.csproj", "{ACBD9107-A6B1-4FDF-8642-F0D716EE4926}"
EndProject
Project("{9A19103F-16F7-4668-BE54-9A1E7A4F7556}") = "13. Factorial", "13. Factorial\13. Factorial.csproj", "{9653AC5E-5FED-4F4D-87D0-BE520AF346A9}"
EndProject
Project("{9A19103F-16F7-4668-BE54-9A1E7A4F7556}") = "14. Factorial Trailing Zeroes", "14. Factorial Trailing Zeroes\14. Factorial Trailing Zeroes.csproj", "{3B021BBB-5A02-454A-880D-0621FA9CEECF}"
EndProject
Project("{9A19103F-16F7-4668-BE54-9A1E7A4F7556}") = "15. Substring", "15. Substring\15. Substring.csproj", "{758FD4F3-5A40-42FB-BFBC-89972BFE721F}"
EndProject
Project("{FAE04EC0-301F-11D3-BF4B-00C04F79EFBC}") = "16. Instruction Set", "16. Instruction Set\16. Instruction Set.csproj", "{3FA39C38-EE28-42D6-868F-9C77A5890378}"
EndProject
Project("{FAE04EC0-301F-11D3-BF4B-00C04F79EFBC}") = "17. Be Positive", "17. Be Positive\17. Be Positive.csproj", "{AA4C8615-4E2A-4BD9-815E-78D5F35119D5}"
EndProject
Project("{FAE04EC0-301F-11D3-BF4B-00C04F79EFBC}") = "18. Sequence of Commands", "18. Sequence of Commands\18. Sequence of Commands.csproj", "{3E7F424C-4278-45B6-86E0-C54E3D60173B}"
EndProject
Global
	GlobalSection(SolutionConfigurationPlatforms) = preSolution
		Debug|Any CPU = Debug|Any CPU
		Release|Any CPU = Release|Any CPU
	EndGlobalSection
	GlobalSection(ProjectConfigurationPlatforms) = postSolution
		{C023890E-F2E9-4EFB-888E-CF3CC240C06C}.Debug|Any CPU.ActiveCfg = Debug|Any CPU
		{C023890E-F2E9-4EFB-888E-CF3CC240C06C}.Debug|Any CPU.Build.0 = Debug|Any CPU
		{C023890E-F2E9-4EFB-888E-CF3CC240C06C}.Release|Any CPU.ActiveCfg = Release|Any CPU
		{C023890E-F2E9-4EFB-888E-CF3CC240C06C}.Release|Any CPU.Build.0 = Release|Any CPU
		{97023025-DEA0-4F7A-B4FC-91C95D62E10D}.Debug|Any CPU.ActiveCfg = Debug|Any CPU
		{97023025-DEA0-4F7A-B4FC-91C95D62E10D}.Debug|Any CPU.Build.0 = Debug|Any CPU
		{97023025-DEA0-4F7A-B4FC-91C95D62E10D}.Release|Any CPU.ActiveCfg = Release|Any CPU
		{97023025-DEA0-4F7A-B4FC-91C95D62E10D}.Release|Any CPU.Build.0 = Release|Any CPU
		{4256E37C-FB0F-43E7-9A4B-0DEBEFBD630D}.Debug|Any CPU.ActiveCfg = Debug|Any CPU
		{4256E37C-FB0F-43E7-9A4B-0DEBEFBD630D}.Debug|Any CPU.Build.0 = Debug|Any CPU
		{4256E37C-FB0F-43E7-9A4B-0DEBEFBD630D}.Release|Any CPU.ActiveCfg = Release|Any CPU
		{4256E37C-FB0F-43E7-9A4B-0DEBEFBD630D}.Release|Any CPU.Build.0 = Release|Any CPU
		{C021A952-7D8E-4063-A6DD-268617EC35E9}.Debug|Any CPU.ActiveCfg = Debug|Any CPU
		{C021A952-7D8E-4063-A6DD-268617EC35E9}.Debug|Any CPU.Build.0 = Debug|Any CPU
		{C021A952-7D8E-4063-A6DD-268617EC35E9}.Release|Any CPU.ActiveCfg = Release|Any CPU
		{C021A952-7D8E-4063-A6DD-268617EC35E9}.Release|Any CPU.Build.0 = Release|Any CPU
		{EFD85A74-CC47-4AE2-8E4B-A3B8D295326A}.Debug|Any CPU.ActiveCfg = Debug|Any CPU
		{EFD85A74-CC47-4AE2-8E4B-A3B8D295326A}.Debug|Any CPU.Build.0 = Debug|Any CPU
		{EFD85A74-CC47-4AE2-8E4B-A3B8D295326A}.Release|Any CPU.ActiveCfg = Release|Any CPU
		{EFD85A74-CC47-4AE2-8E4B-A3B8D295326A}.Release|Any CPU.Build.0 = Release|Any CPU
		{35963FCC-6F22-4BDA-BCDF-2ACF211CB8C9}.Debug|Any CPU.ActiveCfg = Debug|Any CPU
		{35963FCC-6F22-4BDA-BCDF-2ACF211CB8C9}.Debug|Any CPU.Build.0 = Debug|Any CPU
		{35963FCC-6F22-4BDA-BCDF-2ACF211CB8C9}.Release|Any CPU.ActiveCfg = Release|Any CPU
		{35963FCC-6F22-4BDA-BCDF-2ACF211CB8C9}.Release|Any CPU.Build.0 = Release|Any CPU
		{E25A5E87-3CBB-424D-9854-23871FF37610}.Debug|Any CPU.ActiveCfg = Debug|Any CPU
		{E25A5E87-3CBB-424D-9854-23871FF37610}.Debug|Any CPU.Build.0 = Debug|Any CPU
		{E25A5E87-3CBB-424D-9854-23871FF37610}.Release|Any CPU.ActiveCfg = Release|Any CPU
		{E25A5E87-3CBB-424D-9854-23871FF37610}.Release|Any CPU.Build.0 = Release|Any CPU
		{7FB53C4C-253F-498B-A35F-69B95DEE257F}.Debug|Any CPU.ActiveCfg = Debug|Any CPU
		{7FB53C4C-253F-498B-A35F-69B95DEE257F}.Debug|Any CPU.Build.0 = Debug|Any CPU
		{7FB53C4C-253F-498B-A35F-69B95DEE257F}.Release|Any CPU.ActiveCfg = Release|Any CPU
		{7FB53C4C-253F-498B-A35F-69B95DEE257F}.Release|Any CPU.Build.0 = Release|Any CPU
		{5B21512D-0157-45D7-9719-91E534FD0B7F}.Debug|Any CPU.ActiveCfg = Debug|Any CPU
		{5B21512D-0157-45D7-9719-91E534FD0B7F}.Debug|Any CPU.Build.0 = Debug|Any CPU
		{5B21512D-0157-45D7-9719-91E534FD0B7F}.Release|Any CPU.ActiveCfg = Release|Any CPU
		{5B21512D-0157-45D7-9719-91E534FD0B7F}.Release|Any CPU.Build.0 = Release|Any CPU
		{474BF93F-AED5-4CEF-B740-AFE1119A46DA}.Debug|Any CPU.ActiveCfg = Debug|Any CPU
		{474BF93F-AED5-4CEF-B740-AFE1119A46DA}.Debug|Any CPU.Build.0 = Debug|Any CPU
		{474BF93F-AED5-4CEF-B740-AFE1119A46DA}.Release|Any CPU.ActiveCfg = Release|Any CPU
		{474BF93F-AED5-4CEF-B740-AFE1119A46DA}.Release|Any CPU.Build.0 = Release|Any CPU
		{313D7023-3F31-4420-8EB3-6EB79C1882CA}.Debug|Any CPU.ActiveCfg = Debug|Any CPU
		{313D7023-3F31-4420-8EB3-6EB79C1882CA}.Debug|Any CPU.Build.0 = Debug|Any CPU
		{313D7023-3F31-4420-8EB3-6EB79C1882CA}.Release|Any CPU.ActiveCfg = Release|Any CPU
		{313D7023-3F31-4420-8EB3-6EB79C1882CA}.Release|Any CPU.Build.0 = Release|Any CPU
		{ACBD9107-A6B1-4FDF-8642-F0D716EE4926}.Debug|Any CPU.ActiveCfg = Debug|Any CPU
		{ACBD9107-A6B1-4FDF-8642-F0D716EE4926}.Debug|Any CPU.Build.0 = Debug|Any CPU
		{ACBD9107-A6B1-4FDF-8642-F0D716EE4926}.Release|Any CPU.ActiveCfg = Release|Any CPU
		{ACBD9107-A6B1-4FDF-8642-F0D716EE4926}.Release|Any CPU.Build.0 = Release|Any CPU
		{9653AC5E-5FED-4F4D-87D0-BE520AF346A9}.Debug|Any CPU.ActiveCfg = Debug|Any CPU
		{9653AC5E-5FED-4F4D-87D0-BE520AF346A9}.Debug|Any CPU.Build.0 = Debug|Any CPU
		{9653AC5E-5FED-4F4D-87D0-BE520AF346A9}.Release|Any CPU.ActiveCfg = Release|Any CPU
		{9653AC5E-5FED-4F4D-87D0-BE520AF346A9}.Release|Any CPU.Build.0 = Release|Any CPU
		{3B021BBB-5A02-454A-880D-0621FA9CEECF}.Debug|Any CPU.ActiveCfg = Debug|Any CPU
		{3B021BBB-5A02-454A-880D-0621FA9CEECF}.Debug|Any CPU.Build.0 = Debug|Any CPU
		{3B021BBB-5A02-454A-880D-0621FA9CEECF}.Release|Any CPU.ActiveCfg = Release|Any CPU
		{3B021BBB-5A02-454A-880D-0621FA9CEECF}.Release|Any CPU.Build.0 = Release|Any CPU
		{758FD4F3-5A40-42FB-BFBC-89972BFE721F}.Debug|Any CPU.ActiveCfg = Debug|Any CPU
		{758FD4F3-5A40-42FB-BFBC-89972BFE721F}.Debug|Any CPU.Build.0 = Debug|Any CPU
		{758FD4F3-5A40-42FB-BFBC-89972BFE721F}.Release|Any CPU.ActiveCfg = Release|Any CPU
		{758FD4F3-5A40-42FB-BFBC-89972BFE721F}.Release|Any CPU.Build.0 = Release|Any CPU
		{3FA39C38-EE28-42D6-868F-9C77A5890378}.Debug|Any CPU.ActiveCfg = Debug|Any CPU
		{3FA39C38-EE28-42D6-868F-9C77A5890378}.Debug|Any CPU.Build.0 = Debug|Any CPU
		{3FA39C38-EE28-42D6-868F-9C77A5890378}.Release|Any CPU.ActiveCfg = Release|Any CPU
		{3FA39C38-EE28-42D6-868F-9C77A5890378}.Release|Any CPU.Build.0 = Release|Any CPU
		{AA4C8615-4E2A-4BD9-815E-78D5F35119D5}.Debug|Any CPU.ActiveCfg = Debug|Any CPU
		{AA4C8615-4E2A-4BD9-815E-78D5F35119D5}.Debug|Any CPU.Build.0 = Debug|Any CPU
		{AA4C8615-4E2A-4BD9-815E-78D5F35119D5}.Release|Any CPU.ActiveCfg = Release|Any CPU
		{AA4C8615-4E2A-4BD9-815E-78D5F35119D5}.Release|Any CPU.Build.0 = Release|Any CPU
		{3E7F424C-4278-45B6-86E0-C54E3D60173B}.Debug|Any CPU.ActiveCfg = Debug|Any CPU
		{3E7F424C-4278-45B6-86E0-C54E3D60173B}.Debug|Any CPU.Build.0 = Debug|Any CPU
		{3E7F424C-4278-45B6-86E0-C54E3D60173B}.Release|Any CPU.ActiveCfg = Release|Any CPU
		{3E7F424C-4278-45B6-86E0-C54E3D60173B}.Release|Any CPU.Build.0 = Release|Any CPU
	EndGlobalSection
	GlobalSection(SolutionProperties) = preSolution
		HideSolutionNode = FALSE
	EndGlobalSection
EndGlobal
