
Microsoft Visual Studio Solution File, Format Version 12.00
# Visual Studio 15
VisualStudioVersion = 15.0.26430.14
MinimumVisualStudioVersion = 10.0.40219.1
Project("{FAE04EC0-301F-11D3-BF4B-00C04F79EFBC}") = "06. Fix Emails", "06. Fix Emails\06. Fix Emails.csproj", "{F96A284C-5697-4049-8CE5-7D6AFA7D714C}"
EndProject
Project("{FAE04EC0-301F-11D3-BF4B-00C04F79EFBC}") = "01. Most Frequent Number", "01. Most Frequent Number\01. Most Frequent Number.csproj", "{B141A638-653E-4844-AEDD-7F8F86CDF6CC}"
EndProject
Project("{FAE04EC0-301F-11D3-BF4B-00C04F79EFBC}") = "02. Index Of Letters", "02. Index Of Letters\02. Index Of Letters.csproj", "{333924A9-846E-4277-8739-061D196EEE34}"
EndProject
Project("{FAE04EC0-301F-11D3-BF4B-00C04F79EFBC}") = "03. Equal Sums", "03. Equal Sums\03. Equal Sums.csproj", "{372DE9BD-FAF3-4A52-B1AB-1F4D8910EEA1}"
EndProject
Project("{FAE04EC0-301F-11D3-BF4B-00C04F79EFBC}") = "04. Max Seq of Equal Elements", "04. Max Seq of Equal Elements\04. Max Seq of Equal Elements.csproj", "{653D83B3-E556-4165-B80E-A6085959690F}"
EndProject
Project("{FAE04EC0-301F-11D3-BF4B-00C04F79EFBC}") = "05. A Miner Task", "05. A Miner Task\05. A Miner Task.csproj", "{B2301888-B52B-4624-A111-E2B0A09EF234}"
EndProject
Project("{FAE04EC0-301F-11D3-BF4B-00C04F79EFBC}") = "07. Advertisement Message", "07. Advertisement Message\07. Advertisement Message.csproj", "{267F2036-7877-45AA-A600-978C1D9A4764}"
EndProject
Project("{FAE04EC0-301F-11D3-BF4B-00C04F79EFBC}") = "08. Average Grades", "08. Average Grades\08. Average Grades.csproj", "{F6134F0C-37E8-43A3-A895-C11E80A1C456}"
EndProject
Project("{FAE04EC0-301F-11D3-BF4B-00C04F79EFBC}") = "09. Book Library", "09. Book Library\09. Book Library.csproj", "{92B88C16-E1DB-4C2E-A058-8101BFB91385}"
EndProject
Project("{FAE04EC0-301F-11D3-BF4B-00C04F79EFBC}") = "10. Book Library Modification", "10. Book Library Modification\10. Book Library Modification.csproj", "{D3384664-36A6-4D91-A660-2F81085BA28F}"
EndProject
Global
	GlobalSection(SolutionConfigurationPlatforms) = preSolution
		Debug|Any CPU = Debug|Any CPU
		Release|Any CPU = Release|Any CPU
	EndGlobalSection
	GlobalSection(ProjectConfigurationPlatforms) = postSolution
		{F96A284C-5697-4049-8CE5-7D6AFA7D714C}.Debug|Any CPU.ActiveCfg = Debug|Any CPU
		{F96A284C-5697-4049-8CE5-7D6AFA7D714C}.Debug|Any CPU.Build.0 = Debug|Any CPU
		{F96A284C-5697-4049-8CE5-7D6AFA7D714C}.Release|Any CPU.ActiveCfg = Release|Any CPU
		{F96A284C-5697-4049-8CE5-7D6AFA7D714C}.Release|Any CPU.Build.0 = Release|Any CPU
		{B141A638-653E-4844-AEDD-7F8F86CDF6CC}.Debug|Any CPU.ActiveCfg = Debug|Any CPU
		{B141A638-653E-4844-AEDD-7F8F86CDF6CC}.Debug|Any CPU.Build.0 = Debug|Any CPU
		{B141A638-653E-4844-AEDD-7F8F86CDF6CC}.Release|Any CPU.ActiveCfg = Release|Any CPU
		{B141A638-653E-4844-AEDD-7F8F86CDF6CC}.Release|Any CPU.Build.0 = Release|Any CPU
		{333924A9-846E-4277-8739-061D196EEE34}.Debug|Any CPU.ActiveCfg = Debug|Any CPU
		{333924A9-846E-4277-8739-061D196EEE34}.Debug|Any CPU.Build.0 = Debug|Any CPU
		{333924A9-846E-4277-8739-061D196EEE34}.Release|Any CPU.ActiveCfg = Release|Any CPU
		{333924A9-846E-4277-8739-061D196EEE34}.Release|Any CPU.Build.0 = Release|Any CPU
		{372DE9BD-FAF3-4A52-B1AB-1F4D8910EEA1}.Debug|Any CPU.ActiveCfg = Debug|Any CPU
		{372DE9BD-FAF3-4A52-B1AB-1F4D8910EEA1}.Debug|Any CPU.Build.0 = Debug|Any CPU
		{372DE9BD-FAF3-4A52-B1AB-1F4D8910EEA1}.Release|Any CPU.ActiveCfg = Release|Any CPU
		{372DE9BD-FAF3-4A52-B1AB-1F4D8910EEA1}.Release|Any CPU.Build.0 = Release|Any CPU
		{653D83B3-E556-4165-B80E-A6085959690F}.Debug|Any CPU.ActiveCfg = Debug|Any CPU
		{653D83B3-E556-4165-B80E-A6085959690F}.Debug|Any CPU.Build.0 = Debug|Any CPU
		{653D83B3-E556-4165-B80E-A6085959690F}.Release|Any CPU.ActiveCfg = Release|Any CPU
		{653D83B3-E556-4165-B80E-A6085959690F}.Release|Any CPU.Build.0 = Release|Any CPU
		{B2301888-B52B-4624-A111-E2B0A09EF234}.Debug|Any CPU.ActiveCfg = Debug|Any CPU
		{B2301888-B52B-4624-A111-E2B0A09EF234}.Debug|Any CPU.Build.0 = Debug|Any CPU
		{B2301888-B52B-4624-A111-E2B0A09EF234}.Release|Any CPU.ActiveCfg = Release|Any CPU
		{B2301888-B52B-4624-A111-E2B0A09EF234}.Release|Any CPU.Build.0 = Release|Any CPU
		{267F2036-7877-45AA-A600-978C1D9A4764}.Debug|Any CPU.ActiveCfg = Debug|Any CPU
		{267F2036-7877-45AA-A600-978C1D9A4764}.Debug|Any CPU.Build.0 = Debug|Any CPU
		{267F2036-7877-45AA-A600-978C1D9A4764}.Release|Any CPU.ActiveCfg = Release|Any CPU
		{267F2036-7877-45AA-A600-978C1D9A4764}.Release|Any CPU.Build.0 = Release|Any CPU
		{F6134F0C-37E8-43A3-A895-C11E80A1C456}.Debug|Any CPU.ActiveCfg = Debug|Any CPU
		{F6134F0C-37E8-43A3-A895-C11E80A1C456}.Debug|Any CPU.Build.0 = Debug|Any CPU
		{F6134F0C-37E8-43A3-A895-C11E80A1C456}.Release|Any CPU.ActiveCfg = Release|Any CPU
		{F6134F0C-37E8-43A3-A895-C11E80A1C456}.Release|Any CPU.Build.0 = Release|Any CPU
		{92B88C16-E1DB-4C2E-A058-8101BFB91385}.Debug|Any CPU.ActiveCfg = Debug|Any CPU
		{92B88C16-E1DB-4C2E-A058-8101BFB91385}.Debug|Any CPU.Build.0 = Debug|Any CPU
		{92B88C16-E1DB-4C2E-A058-8101BFB91385}.Release|Any CPU.ActiveCfg = Release|Any CPU
		{92B88C16-E1DB-4C2E-A058-8101BFB91385}.Release|Any CPU.Build.0 = Release|Any CPU
		{D3384664-36A6-4D91-A660-2F81085BA28F}.Debug|Any CPU.ActiveCfg = Debug|Any CPU
		{D3384664-36A6-4D91-A660-2F81085BA28F}.Debug|Any CPU.Build.0 = Debug|Any CPU
		{D3384664-36A6-4D91-A660-2F81085BA28F}.Release|Any CPU.ActiveCfg = Release|Any CPU
		{D3384664-36A6-4D91-A660-2F81085BA28F}.Release|Any CPU.Build.0 = Release|Any CPU
	EndGlobalSection
	GlobalSection(SolutionProperties) = preSolution
		HideSolutionNode = FALSE
	EndGlobalSection
EndGlobal
