
Microsoft Visual Studio Solution File, Format Version 12.00
# Visual Studio 15
VisualStudioVersion = 15.0.26430.14
MinimumVisualStudioVersion = 10.0.40219.1
Project("{FAE04EC0-301F-11D3-BF4B-00C04F79EFBC}") = "01. Convert from base-10 to base-N", "01. Convert from base-10 to base-N\01. Convert from base-10 to base-N.csproj", "{A408BB10-5BE2-43C4-923C-6FE2DCF0C3A7}"
EndProject
Project("{FAE04EC0-301F-11D3-BF4B-00C04F79EFBC}") = "02. Convert from base-N to base-10", "02. Convert from base-N to base-10\02. Convert from base-N to base-10.csproj", "{B8517C9C-F580-4F52-BD3E-BF69DBE642B5}"
EndProject
Project("{FAE04EC0-301F-11D3-BF4B-00C04F79EFBC}") = "03. Unicode Characters", "03. Unicode Characters\03. Unicode Characters.csproj", "{8417EDD8-E611-485C-9438-84057E0F595E}"
EndProject
Project("{FAE04EC0-301F-11D3-BF4B-00C04F79EFBC}") = "04. Character Multiplier", "04. Character Multiplier\04. Character Multiplier.csproj", "{A417B9B4-DF2F-4E0D-84C3-97B2AA6DD928}"
EndProject
Project("{FAE04EC0-301F-11D3-BF4B-00C04F79EFBC}") = "05. Magic exchangeable words", "05. Magic exchangeable words\05. Magic exchangeable words.csproj", "{D3C6734F-A703-41AF-9400-348610CB484B}"
EndProject
Project("{FAE04EC0-301F-11D3-BF4B-00C04F79EFBC}") = "06. Sum big numbers", "06. Sum big numbers\06. Sum big numbers.csproj", "{E717F5A1-CAE3-481F-B07B-10918111BFEA}"
EndProject
Project("{FAE04EC0-301F-11D3-BF4B-00C04F79EFBC}") = "09. Melrah Shake", "09. Melrah Shake\09. Melrah Shake.csproj", "{2F4D0D33-4991-47FA-8B77-30E0580FBAA7}"
EndProject
Project("{FAE04EC0-301F-11D3-BF4B-00C04F79EFBC}") = "07. Multiply big number", "07. Multiply big number\07. Multiply big number.csproj", "{3F120FB4-4352-4EA5-A880-204789C971A7}"
EndProject
Project("{FAE04EC0-301F-11D3-BF4B-00C04F79EFBC}") = "08. Letters Change Numbers", "08. Letters Change Numbers\08. Letters Change Numbers.csproj", "{B4810D79-3FFE-479B-84E7-8FA600D37D19}"
EndProject
Global
	GlobalSection(SolutionConfigurationPlatforms) = preSolution
		Debug|Any CPU = Debug|Any CPU
		Release|Any CPU = Release|Any CPU
	EndGlobalSection
	GlobalSection(ProjectConfigurationPlatforms) = postSolution
		{A408BB10-5BE2-43C4-923C-6FE2DCF0C3A7}.Debug|Any CPU.ActiveCfg = Debug|Any CPU
		{A408BB10-5BE2-43C4-923C-6FE2DCF0C3A7}.Debug|Any CPU.Build.0 = Debug|Any CPU
		{A408BB10-5BE2-43C4-923C-6FE2DCF0C3A7}.Release|Any CPU.ActiveCfg = Release|Any CPU
		{A408BB10-5BE2-43C4-923C-6FE2DCF0C3A7}.Release|Any CPU.Build.0 = Release|Any CPU
		{B8517C9C-F580-4F52-BD3E-BF69DBE642B5}.Debug|Any CPU.ActiveCfg = Debug|Any CPU
		{B8517C9C-F580-4F52-BD3E-BF69DBE642B5}.Debug|Any CPU.Build.0 = Debug|Any CPU
		{B8517C9C-F580-4F52-BD3E-BF69DBE642B5}.Release|Any CPU.ActiveCfg = Release|Any CPU
		{B8517C9C-F580-4F52-BD3E-BF69DBE642B5}.Release|Any CPU.Build.0 = Release|Any CPU
		{8417EDD8-E611-485C-9438-84057E0F595E}.Debug|Any CPU.ActiveCfg = Debug|Any CPU
		{8417EDD8-E611-485C-9438-84057E0F595E}.Debug|Any CPU.Build.0 = Debug|Any CPU
		{8417EDD8-E611-485C-9438-84057E0F595E}.Release|Any CPU.ActiveCfg = Release|Any CPU
		{8417EDD8-E611-485C-9438-84057E0F595E}.Release|Any CPU.Build.0 = Release|Any CPU
		{A417B9B4-DF2F-4E0D-84C3-97B2AA6DD928}.Debug|Any CPU.ActiveCfg = Debug|Any CPU
		{A417B9B4-DF2F-4E0D-84C3-97B2AA6DD928}.Debug|Any CPU.Build.0 = Debug|Any CPU
		{A417B9B4-DF2F-4E0D-84C3-97B2AA6DD928}.Release|Any CPU.ActiveCfg = Release|Any CPU
		{A417B9B4-DF2F-4E0D-84C3-97B2AA6DD928}.Release|Any CPU.Build.0 = Release|Any CPU
		{D3C6734F-A703-41AF-9400-348610CB484B}.Debug|Any CPU.ActiveCfg = Debug|Any CPU
		{D3C6734F-A703-41AF-9400-348610CB484B}.Debug|Any CPU.Build.0 = Debug|Any CPU
		{D3C6734F-A703-41AF-9400-348610CB484B}.Release|Any CPU.ActiveCfg = Release|Any CPU
		{D3C6734F-A703-41AF-9400-348610CB484B}.Release|Any CPU.Build.0 = Release|Any CPU
		{E717F5A1-CAE3-481F-B07B-10918111BFEA}.Debug|Any CPU.ActiveCfg = Debug|Any CPU
		{E717F5A1-CAE3-481F-B07B-10918111BFEA}.Debug|Any CPU.Build.0 = Debug|Any CPU
		{E717F5A1-CAE3-481F-B07B-10918111BFEA}.Release|Any CPU.ActiveCfg = Release|Any CPU
		{E717F5A1-CAE3-481F-B07B-10918111BFEA}.Release|Any CPU.Build.0 = Release|Any CPU
		{2F4D0D33-4991-47FA-8B77-30E0580FBAA7}.Debug|Any CPU.ActiveCfg = Debug|Any CPU
		{2F4D0D33-4991-47FA-8B77-30E0580FBAA7}.Debug|Any CPU.Build.0 = Debug|Any CPU
		{2F4D0D33-4991-47FA-8B77-30E0580FBAA7}.Release|Any CPU.ActiveCfg = Release|Any CPU
		{2F4D0D33-4991-47FA-8B77-30E0580FBAA7}.Release|Any CPU.Build.0 = Release|Any CPU
		{3F120FB4-4352-4EA5-A880-204789C971A7}.Debug|Any CPU.ActiveCfg = Debug|Any CPU
		{3F120FB4-4352-4EA5-A880-204789C971A7}.Debug|Any CPU.Build.0 = Debug|Any CPU
		{3F120FB4-4352-4EA5-A880-204789C971A7}.Release|Any CPU.ActiveCfg = Release|Any CPU
		{3F120FB4-4352-4EA5-A880-204789C971A7}.Release|Any CPU.Build.0 = Release|Any CPU
		{B4810D79-3FFE-479B-84E7-8FA600D37D19}.Debug|Any CPU.ActiveCfg = Debug|Any CPU
		{B4810D79-3FFE-479B-84E7-8FA600D37D19}.Debug|Any CPU.Build.0 = Debug|Any CPU
		{B4810D79-3FFE-479B-84E7-8FA600D37D19}.Release|Any CPU.ActiveCfg = Release|Any CPU
		{B4810D79-3FFE-479B-84E7-8FA600D37D19}.Release|Any CPU.Build.0 = Release|Any CPU
	EndGlobalSection
	GlobalSection(SolutionProperties) = preSolution
		HideSolutionNode = FALSE
	EndGlobalSection
EndGlobal
